// !$*UTF8*$!
{
	archiveVersion = 1;
	classes = {
	};
	objectVersion = 50;
	objects = {

/* Begin PBXBuildFile section */
		42A380E125FFA37F00B1DB4C /* Observable.swift in Sources */ = {isa = PBXBuildFile; fileRef = 42A380E025FFA37F00B1DB4C /* Observable.swift */; };
		42A380E925FFAA8500B1DB4C /* MoviesListItemCell.swift in Sources */ = {isa = PBXBuildFile; fileRef = 42A380E825FFAA8500B1DB4C /* MoviesListItemCell.swift */; };
		42A380EE25FFB22000B1DB4C /* MoviesListTableViewController.swift in Sources */ = {isa = PBXBuildFile; fileRef = 42A380ED25FFB22000B1DB4C /* MoviesListTableViewController.swift */; };
		42A380F725FFB51500B1DB4C /* MVVMTests.swift in Sources */ = {isa = PBXBuildFile; fileRef = 42A380F625FFB51500B1DB4C /* MVVMTests.swift */; };
		42A3810225FFB54600B1DB4C /* Movie+Stub.swift in Sources */ = {isa = PBXBuildFile; fileRef = 42A3810125FFB54600B1DB4C /* Movie+Stub.swift */; };
		42A3810725FFB57300B1DB4C /* Movie.swift in Sources */ = {isa = PBXBuildFile; fileRef = AA5D44B925FF48D500744580 /* Movie.swift */; };
		42A3810D25FFB6EA00B1DB4C /* SearchMoviesUseCaseTests.swift in Sources */ = {isa = PBXBuildFile; fileRef = 42A3810C25FFB6EA00B1DB4C /* SearchMoviesUseCaseTests.swift */; };
		42A381142601190600B1DB4C /* UIViewController+AddBehaviors.swift in Sources */ = {isa = PBXBuildFile; fileRef = 42A381132601190600B1DB4C /* UIViewController+AddBehaviors.swift */; };
		AA31258E260475C00059D660 /* MovieListViewModel.swift in Sources */ = {isa = PBXBuildFile; fileRef = AA31258D260475C00059D660 /* MovieListViewModel.swift */; };
		AA3125922604773A0059D660 /* MoviesListItemViewModel.swift in Sources */ = {isa = PBXBuildFile; fileRef = AA3125912604773A0059D660 /* MoviesListItemViewModel.swift */; };
		AA312598260496330059D660 /* ConnectionError.swift in Sources */ = {isa = PBXBuildFile; fileRef = AA312597260496330059D660 /* ConnectionError.swift */; };
		AA5D44A325FF488500744580 /* AppDelegate.swift in Sources */ = {isa = PBXBuildFile; fileRef = AA5D44A225FF488500744580 /* AppDelegate.swift */; };
		AA5D44A725FF488500744580 /* ViewController.swift in Sources */ = {isa = PBXBuildFile; fileRef = AA5D44A625FF488500744580 /* ViewController.swift */; };
		AA5D44AA25FF488500744580 /* Main.storyboard in Resources */ = {isa = PBXBuildFile; fileRef = AA5D44A825FF488500744580 /* Main.storyboard */; };
		AA5D44AC25FF488700744580 /* Assets.xcassets in Resources */ = {isa = PBXBuildFile; fileRef = AA5D44AB25FF488700744580 /* Assets.xcassets */; };
		AA5D44AF25FF488700744580 /* LaunchScreen.storyboard in Resources */ = {isa = PBXBuildFile; fileRef = AA5D44AD25FF488700744580 /* LaunchScreen.storyboard */; };
		AA5D44BA25FF48D500744580 /* Movie.swift in Sources */ = {isa = PBXBuildFile; fileRef = AA5D44B925FF48D500744580 /* Movie.swift */; };
		AA5D44BF25FF495500744580 /* MovieQuery.swift in Sources */ = {isa = PBXBuildFile; fileRef = AA5D44BE25FF495500744580 /* MovieQuery.swift */; };
		AA5D44C625FF49AF00744580 /* UseCase.swift in Sources */ = {isa = PBXBuildFile; fileRef = AA5D44C525FF49AF00744580 /* UseCase.swift */; };
		AA5D44CB25FF49E500744580 /* Cancellable.swift in Sources */ = {isa = PBXBuildFile; fileRef = AA5D44CA25FF49E500744580 /* Cancellable.swift */; };
		AA5D44CE25FF4A1A00744580 /* SearchMoviesUseCase.swift in Sources */ = {isa = PBXBuildFile; fileRef = AA5D44CD25FF4A1A00744580 /* SearchMoviesUseCase.swift */; };
		AA5D44D825FF4B2100744580 /* MoviesRepository.swift in Sources */ = {isa = PBXBuildFile; fileRef = AA5D44D725FF4B2100744580 /* MoviesRepository.swift */; };
		AA5D44DB25FF4B8600744580 /* MoviesQueriesRepository.swift in Sources */ = {isa = PBXBuildFile; fileRef = AA5D44DA25FF4B8600744580 /* MoviesQueriesRepository.swift */; };
		AA5D44DE25FF4BEA00744580 /* PosterImagesRepository.swift in Sources */ = {isa = PBXBuildFile; fileRef = AA5D44DD25FF4BEA00744580 /* PosterImagesRepository.swift */; };
		AA5D44E125FF4DD300744580 /* FetchRecentMovieQueriesUseCase.swift in Sources */ = {isa = PBXBuildFile; fileRef = AA5D44E025FF4DD300744580 /* FetchRecentMovieQueriesUseCase.swift */; };
		AA5D44EC25FF4FBB00744580 /* DefaultMoviesRepository.swift in Sources */ = {isa = PBXBuildFile; fileRef = AA5D44EB25FF4FBB00744580 /* DefaultMoviesRepository.swift */; };
		AA5D44F225FF501300744580 /* DataTransferService.swift in Sources */ = {isa = PBXBuildFile; fileRef = AA5D44F125FF501300744580 /* DataTransferService.swift */; };
		AA5D44F625FF511500744580 /* EndPoint.swift in Sources */ = {isa = PBXBuildFile; fileRef = AA5D44F525FF511500744580 /* EndPoint.swift */; };
		AA5D44F925FF526300744580 /* NetworkConfig.swift in Sources */ = {isa = PBXBuildFile; fileRef = AA5D44F825FF526300744580 /* NetworkConfig.swift */; };
		AA5D44FC25FF534600744580 /* NetworkService.swift in Sources */ = {isa = PBXBuildFile; fileRef = AA5D44FB25FF534600744580 /* NetworkService.swift */; };
		AACFCD822604EC8F00C98E3D /* UITableViewController+ActivityIndicator.swift in Sources */ = {isa = PBXBuildFile; fileRef = AACFCD812604EC8F00C98E3D /* UITableViewController+ActivityIndicator.swift */; };
		AACFCD8A2604F6FF00C98E3D /* MoviesListViewController.swift in Sources */ = {isa = PBXBuildFile; fileRef = AACFCD892604F6FF00C98E3D /* MoviesListViewController.swift */; };
		AACFCD8F2604F75800C98E3D /* Alertable.swift in Sources */ = {isa = PBXBuildFile; fileRef = AACFCD8E2604F75800C98E3D /* Alertable.swift */; };
		AACFCD9D260500B800C98E3D /* AccessibilityIdentifier.swift in Sources */ = {isa = PBXBuildFile; fileRef = AACFCD9C260500B800C98E3D /* AccessibilityIdentifier.swift */; };
		AACFCDA226050B2300C98E3D /* BackButtonEmptyTitleNavigationBarBehavior.swift in Sources */ = {isa = PBXBuildFile; fileRef = AACFCDA126050B2300C98E3D /* BackButtonEmptyTitleNavigationBarBehavior.swift */; };
		AACFCDA826050C5100C98E3D /* BlackStyleNavigationBarBehavior.swift in Sources */ = {isa = PBXBuildFile; fileRef = AACFCDA726050C5100C98E3D /* BlackStyleNavigationBarBehavior.swift */; };
		AACFCDAC2605102C00C98E3D /* LoadingView.swift in Sources */ = {isa = PBXBuildFile; fileRef = AACFCDAB2605102C00C98E3D /* LoadingView.swift */; };
		AACFCDB22607720200C98E3D /* MoviesSceneDIContainer.swift in Sources */ = {isa = PBXBuildFile; fileRef = AACFCDB12607720200C98E3D /* MoviesSceneDIContainer.swift */; };
		AACFCDC92607772B00C98E3D /* MoviesRequestDTO+Mapping.swift in Sources */ = {isa = PBXBuildFile; fileRef = AACFCDC82607772B00C98E3D /* MoviesRequestDTO+Mapping.swift */; };
		AACFCDCF2607773D00C98E3D /* MoviesResponseDTO+Mapping.swift in Sources */ = {isa = PBXBuildFile; fileRef = AACFCDCE2607773D00C98E3D /* MoviesResponseDTO+Mapping.swift */; };
/* End PBXBuildFile section */

/* Begin PBXContainerItemProxy section */
		42A380F925FFB51500B1DB4C /* PBXContainerItemProxy */ = {
			isa = PBXContainerItemProxy;
			containerPortal = AA5D449725FF488500744580 /* Project object */;
			proxyType = 1;
			remoteGlobalIDString = AA5D449E25FF488500744580;
			remoteInfo = MVVM;
		};
/* End PBXContainerItemProxy section */

/* Begin PBXFileReference section */
		42A380E025FFA37F00B1DB4C /* Observable.swift */ = {isa = PBXFileReference; lastKnownFileType = sourcecode.swift; path = Observable.swift; sourceTree = "<group>"; };
		42A380E825FFAA8500B1DB4C /* MoviesListItemCell.swift */ = {isa = PBXFileReference; lastKnownFileType = sourcecode.swift; path = MoviesListItemCell.swift; sourceTree = "<group>"; };
		42A380ED25FFB22000B1DB4C /* MoviesListTableViewController.swift */ = {isa = PBXFileReference; lastKnownFileType = sourcecode.swift; path = MoviesListTableViewController.swift; sourceTree = "<group>"; };
		42A380F425FFB51500B1DB4C /* MVVMTests.xctest */ = {isa = PBXFileReference; explicitFileType = wrapper.cfbundle; includeInIndex = 0; path = MVVMTests.xctest; sourceTree = BUILT_PRODUCTS_DIR; };
		42A380F625FFB51500B1DB4C /* MVVMTests.swift */ = {isa = PBXFileReference; lastKnownFileType = sourcecode.swift; path = MVVMTests.swift; sourceTree = "<group>"; };
		42A380F825FFB51500B1DB4C /* Info.plist */ = {isa = PBXFileReference; lastKnownFileType = text.plist.xml; path = Info.plist; sourceTree = "<group>"; };
		42A3810125FFB54600B1DB4C /* Movie+Stub.swift */ = {isa = PBXFileReference; lastKnownFileType = sourcecode.swift; path = "Movie+Stub.swift"; sourceTree = "<group>"; };
		42A3810C25FFB6EA00B1DB4C /* SearchMoviesUseCaseTests.swift */ = {isa = PBXFileReference; lastKnownFileType = sourcecode.swift; path = SearchMoviesUseCaseTests.swift; sourceTree = "<group>"; };
		42A381132601190600B1DB4C /* UIViewController+AddBehaviors.swift */ = {isa = PBXFileReference; lastKnownFileType = sourcecode.swift; path = "UIViewController+AddBehaviors.swift"; sourceTree = "<group>"; };
		AA31258D260475C00059D660 /* MovieListViewModel.swift */ = {isa = PBXFileReference; lastKnownFileType = sourcecode.swift; path = MovieListViewModel.swift; sourceTree = "<group>"; };
		AA3125912604773A0059D660 /* MoviesListItemViewModel.swift */ = {isa = PBXFileReference; lastKnownFileType = sourcecode.swift; path = MoviesListItemViewModel.swift; sourceTree = "<group>"; };
		AA312597260496330059D660 /* ConnectionError.swift */ = {isa = PBXFileReference; lastKnownFileType = sourcecode.swift; path = ConnectionError.swift; sourceTree = "<group>"; };
		AA5D449F25FF488500744580 /* MVVM.app */ = {isa = PBXFileReference; explicitFileType = wrapper.application; includeInIndex = 0; path = MVVM.app; sourceTree = BUILT_PRODUCTS_DIR; };
		AA5D44A225FF488500744580 /* AppDelegate.swift */ = {isa = PBXFileReference; lastKnownFileType = sourcecode.swift; path = AppDelegate.swift; sourceTree = "<group>"; };
		AA5D44A625FF488500744580 /* ViewController.swift */ = {isa = PBXFileReference; lastKnownFileType = sourcecode.swift; path = ViewController.swift; sourceTree = "<group>"; };
		AA5D44A925FF488500744580 /* Base */ = {isa = PBXFileReference; lastKnownFileType = file.storyboard; name = Base; path = Base.lproj/Main.storyboard; sourceTree = "<group>"; };
		AA5D44AB25FF488700744580 /* Assets.xcassets */ = {isa = PBXFileReference; lastKnownFileType = folder.assetcatalog; path = Assets.xcassets; sourceTree = "<group>"; };
		AA5D44AE25FF488700744580 /* Base */ = {isa = PBXFileReference; lastKnownFileType = file.storyboard; name = Base; path = Base.lproj/LaunchScreen.storyboard; sourceTree = "<group>"; };
		AA5D44B025FF488700744580 /* Info.plist */ = {isa = PBXFileReference; lastKnownFileType = text.plist.xml; path = Info.plist; sourceTree = "<group>"; };
		AA5D44B925FF48D500744580 /* Movie.swift */ = {isa = PBXFileReference; lastKnownFileType = sourcecode.swift; path = Movie.swift; sourceTree = "<group>"; };
		AA5D44BE25FF495500744580 /* MovieQuery.swift */ = {isa = PBXFileReference; lastKnownFileType = sourcecode.swift; path = MovieQuery.swift; sourceTree = "<group>"; };
		AA5D44C525FF49AF00744580 /* UseCase.swift */ = {isa = PBXFileReference; lastKnownFileType = sourcecode.swift; path = UseCase.swift; sourceTree = "<group>"; };
		AA5D44CA25FF49E500744580 /* Cancellable.swift */ = {isa = PBXFileReference; lastKnownFileType = sourcecode.swift; path = Cancellable.swift; sourceTree = "<group>"; };
		AA5D44CD25FF4A1A00744580 /* SearchMoviesUseCase.swift */ = {isa = PBXFileReference; lastKnownFileType = sourcecode.swift; path = SearchMoviesUseCase.swift; sourceTree = "<group>"; };
		AA5D44D725FF4B2100744580 /* MoviesRepository.swift */ = {isa = PBXFileReference; lastKnownFileType = sourcecode.swift; path = MoviesRepository.swift; sourceTree = "<group>"; };
		AA5D44DA25FF4B8600744580 /* MoviesQueriesRepository.swift */ = {isa = PBXFileReference; lastKnownFileType = sourcecode.swift; path = MoviesQueriesRepository.swift; sourceTree = "<group>"; };
		AA5D44DD25FF4BEA00744580 /* PosterImagesRepository.swift */ = {isa = PBXFileReference; lastKnownFileType = sourcecode.swift; path = PosterImagesRepository.swift; sourceTree = "<group>"; };
		AA5D44E025FF4DD300744580 /* FetchRecentMovieQueriesUseCase.swift */ = {isa = PBXFileReference; lastKnownFileType = sourcecode.swift; path = FetchRecentMovieQueriesUseCase.swift; sourceTree = "<group>"; };
		AA5D44EB25FF4FBB00744580 /* DefaultMoviesRepository.swift */ = {isa = PBXFileReference; lastKnownFileType = sourcecode.swift; path = DefaultMoviesRepository.swift; sourceTree = "<group>"; };
		AA5D44F125FF501300744580 /* DataTransferService.swift */ = {isa = PBXFileReference; lastKnownFileType = sourcecode.swift; path = DataTransferService.swift; sourceTree = "<group>"; };
		AA5D44F525FF511500744580 /* EndPoint.swift */ = {isa = PBXFileReference; lastKnownFileType = sourcecode.swift; path = EndPoint.swift; sourceTree = "<group>"; };
		AA5D44F825FF526300744580 /* NetworkConfig.swift */ = {isa = PBXFileReference; lastKnownFileType = sourcecode.swift; path = NetworkConfig.swift; sourceTree = "<group>"; };
		AA5D44FB25FF534600744580 /* NetworkService.swift */ = {isa = PBXFileReference; lastKnownFileType = sourcecode.swift; path = NetworkService.swift; sourceTree = "<group>"; };
		AACFCD812604EC8F00C98E3D /* UITableViewController+ActivityIndicator.swift */ = {isa = PBXFileReference; lastKnownFileType = sourcecode.swift; path = "UITableViewController+ActivityIndicator.swift"; sourceTree = "<group>"; };
		AACFCD892604F6FF00C98E3D /* MoviesListViewController.swift */ = {isa = PBXFileReference; lastKnownFileType = sourcecode.swift; path = MoviesListViewController.swift; sourceTree = "<group>"; };
		AACFCD8E2604F75800C98E3D /* Alertable.swift */ = {isa = PBXFileReference; lastKnownFileType = sourcecode.swift; path = Alertable.swift; sourceTree = "<group>"; };
		AACFCD9C260500B800C98E3D /* AccessibilityIdentifier.swift */ = {isa = PBXFileReference; lastKnownFileType = sourcecode.swift; path = AccessibilityIdentifier.swift; sourceTree = "<group>"; };
		AACFCDA126050B2300C98E3D /* BackButtonEmptyTitleNavigationBarBehavior.swift */ = {isa = PBXFileReference; lastKnownFileType = sourcecode.swift; path = BackButtonEmptyTitleNavigationBarBehavior.swift; sourceTree = "<group>"; };
		AACFCDA726050C5100C98E3D /* BlackStyleNavigationBarBehavior.swift */ = {isa = PBXFileReference; lastKnownFileType = sourcecode.swift; path = BlackStyleNavigationBarBehavior.swift; sourceTree = "<group>"; };
		AACFCDAB2605102C00C98E3D /* LoadingView.swift */ = {isa = PBXFileReference; lastKnownFileType = sourcecode.swift; path = LoadingView.swift; sourceTree = "<group>"; };
		AACFCDB12607720200C98E3D /* MoviesSceneDIContainer.swift */ = {isa = PBXFileReference; lastKnownFileType = sourcecode.swift; path = MoviesSceneDIContainer.swift; sourceTree = "<group>"; };
		AACFCDC82607772B00C98E3D /* MoviesRequestDTO+Mapping.swift */ = {isa = PBXFileReference; lastKnownFileType = sourcecode.swift; path = "MoviesRequestDTO+Mapping.swift"; sourceTree = "<group>"; };
		AACFCDCE2607773D00C98E3D /* MoviesResponseDTO+Mapping.swift */ = {isa = PBXFileReference; lastKnownFileType = sourcecode.swift; path = "MoviesResponseDTO+Mapping.swift"; sourceTree = "<group>"; };
/* End PBXFileReference section */

/* Begin PBXFrameworksBuildPhase section */
		42A380F125FFB51500B1DB4C /* Frameworks */ = {
			isa = PBXFrameworksBuildPhase;
			buildActionMask = 2147483647;
			files = (
			);
			runOnlyForDeploymentPostprocessing = 0;
		};
		AA5D449C25FF488500744580 /* Frameworks */ = {
			isa = PBXFrameworksBuildPhase;
			buildActionMask = 2147483647;
			files = (
			);
			runOnlyForDeploymentPostprocessing = 0;
		};
/* End PBXFrameworksBuildPhase section */

/* Begin PBXGroup section */
		42A380DE25FFA35B00B1DB4C /* Presentation */ = {
			isa = PBXGroup;
			children = (
				42A380E325FFA98500B1DB4C /* MovieScene */,
				42A380DF25FFA37600B1DB4C /* Utils */,
			);
			path = Presentation;
			sourceTree = "<group>";
		};
		42A380DF25FFA37600B1DB4C /* Utils */ = {
			isa = PBXGroup;
			children = (
				AACFCD8D2604F72A00C98E3D /* Protocols */,
				42A38112260118B900B1DB4C /* Extennsions */,
				42A380E025FFA37F00B1DB4C /* Observable.swift */,
				AACFCD9C260500B800C98E3D /* AccessibilityIdentifier.swift */,
				AACFCDAB2605102C00C98E3D /* LoadingView.swift */,
			);
			path = Utils;
			sourceTree = "<group>";
		};
		42A380E325FFA98500B1DB4C /* MovieScene */ = {
			isa = PBXGroup;
			children = (
				AACFCDA026050AEF00C98E3D /* Behaviors */,
				42A380E425FFA99800B1DB4C /* MovieList */,
			);
			path = MovieScene;
			sourceTree = "<group>";
		};
		42A380E425FFA99800B1DB4C /* MovieList */ = {
			isa = PBXGroup;
			children = (
				AA31258C260475AD0059D660 /* ViewModel */,
				42A380E525FFA9A700B1DB4C /* View */,
			);
			path = MovieList;
			sourceTree = "<group>";
		};
		42A380E525FFA9A700B1DB4C /* View */ = {
			isa = PBXGroup;
			children = (
				AACFCD892604F6FF00C98E3D /* MoviesListViewController.swift */,
				42A380E625FFAA5E00B1DB4C /* MoviesListTableView */,
			);
			path = View;
			sourceTree = "<group>";
		};
		42A380E625FFAA5E00B1DB4C /* MoviesListTableView */ = {
			isa = PBXGroup;
			children = (
				42A380E725FFAA6300B1DB4C /* Cells */,
				42A380ED25FFB22000B1DB4C /* MoviesListTableViewController.swift */,
			);
			path = MoviesListTableView;
			sourceTree = "<group>";
		};
		42A380E725FFAA6300B1DB4C /* Cells */ = {
			isa = PBXGroup;
			children = (
				42A380E825FFAA8500B1DB4C /* MoviesListItemCell.swift */,
			);
			path = Cells;
			sourceTree = "<group>";
		};
		42A380F525FFB51500B1DB4C /* MVVMTests */ = {
			isa = PBXGroup;
			children = (
				42A3810A25FFB68600B1DB4C /* Domain */,
				42A3810025FFB51D00B1DB4C /* Mocks */,
				42A380F625FFB51500B1DB4C /* MVVMTests.swift */,
				42A380F825FFB51500B1DB4C /* Info.plist */,
			);
			path = MVVMTests;
			sourceTree = "<group>";
		};
		42A3810025FFB51D00B1DB4C /* Mocks */ = {
			isa = PBXGroup;
			children = (
				42A3810125FFB54600B1DB4C /* Movie+Stub.swift */,
			);
			path = Mocks;
			sourceTree = "<group>";
		};
		42A3810A25FFB68600B1DB4C /* Domain */ = {
			isa = PBXGroup;
			children = (
				42A3810B25FFB69100B1DB4C /* UseCases */,
			);
			path = Domain;
			sourceTree = "<group>";
		};
		42A3810B25FFB69100B1DB4C /* UseCases */ = {
			isa = PBXGroup;
			children = (
				42A3810C25FFB6EA00B1DB4C /* SearchMoviesUseCaseTests.swift */,
			);
			path = UseCases;
			sourceTree = "<group>";
		};
		42A38112260118B900B1DB4C /* Extennsions */ = {
			isa = PBXGroup;
			children = (
				42A381132601190600B1DB4C /* UIViewController+AddBehaviors.swift */,
				AACFCD812604EC8F00C98E3D /* UITableViewController+ActivityIndicator.swift */,
			);
			path = Extennsions;
			sourceTree = "<group>";
		};
		AA31258C260475AD0059D660 /* ViewModel */ = {
			isa = PBXGroup;
			children = (
				AA31258D260475C00059D660 /* MovieListViewModel.swift */,
				AA3125912604773A0059D660 /* MoviesListItemViewModel.swift */,
			);
			path = ViewModel;
			sourceTree = "<group>";
		};
		AA5D449625FF488500744580 = {
			isa = PBXGroup;
			children = (
				AA5D44A125FF488500744580 /* MVVM */,
				42A380F525FFB51500B1DB4C /* MVVMTests */,
				AA5D44A025FF488500744580 /* Products */,
			);
			sourceTree = "<group>";
		};
		AA5D44A025FF488500744580 /* Products */ = {
			isa = PBXGroup;
			children = (
				AA5D449F25FF488500744580 /* MVVM.app */,
				42A380F425FFB51500B1DB4C /* MVVMTests.xctest */,
			);
			name = Products;
			sourceTree = "<group>";
		};
		AA5D44A125FF488500744580 /* MVVM */ = {
			isa = PBXGroup;
			children = (
				AACFCDAF260771EA00C98E3D /* Application */,
				42A380DE25FFA35B00B1DB4C /* Presentation */,
				AA5D44EF25FF4FFE00744580 /* Infrastructure */,
				AA5D44E925FF4F9E00744580 /* Data */,
				AA5D44C925FF49D700744580 /* Common */,
				AA5D44B725FF48C300744580 /* Domain */,
				AA5D44A225FF488500744580 /* AppDelegate.swift */,
				AA5D44A625FF488500744580 /* ViewController.swift */,
				AA5D44A825FF488500744580 /* Main.storyboard */,
				AA5D44AB25FF488700744580 /* Assets.xcassets */,
				AA5D44AD25FF488700744580 /* LaunchScreen.storyboard */,
				AA5D44B025FF488700744580 /* Info.plist */,
			);
			path = MVVM;
			sourceTree = "<group>";
		};
		AA5D44B725FF48C300744580 /* Domain */ = {
			isa = PBXGroup;
			children = (
				AA5D44D025FF4AE400744580 /* Interfaces */,
				AA5D44C325FF499000744580 /* UseCases */,
				AA5D44B825FF48C900744580 /* Entities */,
			);
			path = Domain;
			sourceTree = "<group>";
		};
		AA5D44B825FF48C900744580 /* Entities */ = {
			isa = PBXGroup;
			children = (
				AA5D44B925FF48D500744580 /* Movie.swift */,
				AA5D44BE25FF495500744580 /* MovieQuery.swift */,
			);
			path = Entities;
			sourceTree = "<group>";
		};
		AA5D44C325FF499000744580 /* UseCases */ = {
			isa = PBXGroup;
			children = (
				AA5D44C425FF49A100744580 /* Protocol */,
				AA5D44CD25FF4A1A00744580 /* SearchMoviesUseCase.swift */,
				AA5D44E025FF4DD300744580 /* FetchRecentMovieQueriesUseCase.swift */,
			);
			path = UseCases;
			sourceTree = "<group>";
		};
		AA5D44C425FF49A100744580 /* Protocol */ = {
			isa = PBXGroup;
			children = (
				AA5D44C525FF49AF00744580 /* UseCase.swift */,
			);
			path = Protocol;
			sourceTree = "<group>";
		};
		AA5D44C925FF49D700744580 /* Common */ = {
			isa = PBXGroup;
			children = (
				AA5D44CA25FF49E500744580 /* Cancellable.swift */,
				AA312597260496330059D660 /* ConnectionError.swift */,
			);
			path = Common;
			sourceTree = "<group>";
		};
		AA5D44D025FF4AE400744580 /* Interfaces */ = {
			isa = PBXGroup;
			children = (
				AA5D44D125FF4AF300744580 /* Repositories */,
			);
			path = Interfaces;
			sourceTree = "<group>";
		};
		AA5D44D125FF4AF300744580 /* Repositories */ = {
			isa = PBXGroup;
			children = (
				AA5D44D725FF4B2100744580 /* MoviesRepository.swift */,
				AA5D44DA25FF4B8600744580 /* MoviesQueriesRepository.swift */,
				AA5D44DD25FF4BEA00744580 /* PosterImagesRepository.swift */,
			);
			path = Repositories;
			sourceTree = "<group>";
		};
		AA5D44E925FF4F9E00744580 /* Data */ = {
			isa = PBXGroup;
			children = (
				AACFCDC62607771700C98E3D /* Network */,
				AA5D44EA25FF4FA500744580 /* Repositories */,
			);
			path = Data;
			sourceTree = "<group>";
		};
		AA5D44EA25FF4FA500744580 /* Repositories */ = {
			isa = PBXGroup;
			children = (
				AA5D44EB25FF4FBB00744580 /* DefaultMoviesRepository.swift */,
			);
			path = Repositories;
			sourceTree = "<group>";
		};
		AA5D44EF25FF4FFE00744580 /* Infrastructure */ = {
			isa = PBXGroup;
			children = (
				AA5D44F025FF500800744580 /* Network */,
			);
			path = Infrastructure;
			sourceTree = "<group>";
		};
		AA5D44F025FF500800744580 /* Network */ = {
			isa = PBXGroup;
			children = (
				AA5D44F125FF501300744580 /* DataTransferService.swift */,
				AA5D44F525FF511500744580 /* EndPoint.swift */,
				AA5D44F825FF526300744580 /* NetworkConfig.swift */,
				AA5D44FB25FF534600744580 /* NetworkService.swift */,
			);
			path = Network;
			sourceTree = "<group>";
		};
		AACFCD8D2604F72A00C98E3D /* Protocols */ = {
			isa = PBXGroup;
			children = (
				AACFCD8E2604F75800C98E3D /* Alertable.swift */,
			);
			path = Protocols;
			sourceTree = "<group>";
		};
		AACFCDA026050AEF00C98E3D /* Behaviors */ = {
			isa = PBXGroup;
			children = (
				AACFCDA126050B2300C98E3D /* BackButtonEmptyTitleNavigationBarBehavior.swift */,
				AACFCDA726050C5100C98E3D /* BlackStyleNavigationBarBehavior.swift */,
			);
			path = Behaviors;
			sourceTree = "<group>";
		};
		AACFCDAF260771EA00C98E3D /* Application */ = {
			isa = PBXGroup;
			children = (
				AACFCDB0260771F100C98E3D /* DIContainer */,
			);
			path = Application;
			sourceTree = "<group>";
		};
		AACFCDB0260771F100C98E3D /* DIContainer */ = {
			isa = PBXGroup;
			children = (
				AACFCDB12607720200C98E3D /* MoviesSceneDIContainer.swift */,
			);
			path = DIContainer;
			sourceTree = "<group>";
		};
		AACFCDC62607771700C98E3D /* Network */ = {
			isa = PBXGroup;
			children = (
				AACFCDC72607771700C98E3D /* DataMapping */,
			);
			path = Network;
			sourceTree = "<group>";
		};
		AACFCDC72607771700C98E3D /* DataMapping */ = {
			isa = PBXGroup;
			children = (
				AACFCDC82607772B00C98E3D /* MoviesRequestDTO+Mapping.swift */,
				AACFCDCE2607773D00C98E3D /* MoviesResponseDTO+Mapping.swift */,
			);
			path = DataMapping;
			sourceTree = "<group>";
		};
/* End PBXGroup section */

/* Begin PBXNativeTarget section */
		42A380F325FFB51500B1DB4C /* MVVMTests */ = {
			isa = PBXNativeTarget;
			buildConfigurationList = 42A380FB25FFB51500B1DB4C /* Build configuration list for PBXNativeTarget "MVVMTests" */;
			buildPhases = (
				42A380F025FFB51500B1DB4C /* Sources */,
				42A380F125FFB51500B1DB4C /* Frameworks */,
				42A380F225FFB51500B1DB4C /* Resources */,
			);
			buildRules = (
			);
			dependencies = (
				42A380FA25FFB51500B1DB4C /* PBXTargetDependency */,
			);
			name = MVVMTests;
			productName = MVVMTests;
			productReference = 42A380F425FFB51500B1DB4C /* MVVMTests.xctest */;
			productType = "com.apple.product-type.bundle.unit-test";
		};
		AA5D449E25FF488500744580 /* MVVM */ = {
			isa = PBXNativeTarget;
			buildConfigurationList = AA5D44B325FF488700744580 /* Build configuration list for PBXNativeTarget "MVVM" */;
			buildPhases = (
				AA5D449B25FF488500744580 /* Sources */,
				AA5D449C25FF488500744580 /* Frameworks */,
				AA5D449D25FF488500744580 /* Resources */,
			);
			buildRules = (
			);
			dependencies = (
			);
			name = MVVM;
			productName = MVVM;
			productReference = AA5D449F25FF488500744580 /* MVVM.app */;
			productType = "com.apple.product-type.application";
		};
/* End PBXNativeTarget section */

/* Begin PBXProject section */
		AA5D449725FF488500744580 /* Project object */ = {
			isa = PBXProject;
			attributes = {
				LastSwiftUpdateCheck = 1240;
				LastUpgradeCheck = 1230;
				TargetAttributes = {
					42A380F325FFB51500B1DB4C = {
						CreatedOnToolsVersion = 12.4;
						TestTargetID = AA5D449E25FF488500744580;
					};
					AA5D449E25FF488500744580 = {
						CreatedOnToolsVersion = 12.3;
					};
				};
			};
			buildConfigurationList = AA5D449A25FF488500744580 /* Build configuration list for PBXProject "MVVM" */;
			compatibilityVersion = "Xcode 9.3";
			developmentRegion = en;
			hasScannedForEncodings = 0;
			knownRegions = (
				en,
				Base,
			);
			mainGroup = AA5D449625FF488500744580;
			productRefGroup = AA5D44A025FF488500744580 /* Products */;
			projectDirPath = "";
			projectRoot = "";
			targets = (
				AA5D449E25FF488500744580 /* MVVM */,
				42A380F325FFB51500B1DB4C /* MVVMTests */,
			);
		};
/* End PBXProject section */

/* Begin PBXResourcesBuildPhase section */
		42A380F225FFB51500B1DB4C /* Resources */ = {
			isa = PBXResourcesBuildPhase;
			buildActionMask = 2147483647;
			files = (
			);
			runOnlyForDeploymentPostprocessing = 0;
		};
		AA5D449D25FF488500744580 /* Resources */ = {
			isa = PBXResourcesBuildPhase;
			buildActionMask = 2147483647;
			files = (
				AA5D44AF25FF488700744580 /* LaunchScreen.storyboard in Resources */,
				AA5D44AC25FF488700744580 /* Assets.xcassets in Resources */,
				AA5D44AA25FF488500744580 /* Main.storyboard in Resources */,
			);
			runOnlyForDeploymentPostprocessing = 0;
		};
/* End PBXResourcesBuildPhase section */

/* Begin PBXSourcesBuildPhase section */
		42A380F025FFB51500B1DB4C /* Sources */ = {
			isa = PBXSourcesBuildPhase;
			buildActionMask = 2147483647;
			files = (
				42A3810225FFB54600B1DB4C /* Movie+Stub.swift in Sources */,
				42A380F725FFB51500B1DB4C /* MVVMTests.swift in Sources */,
				42A3810D25FFB6EA00B1DB4C /* SearchMoviesUseCaseTests.swift in Sources */,
				42A3810725FFB57300B1DB4C /* Movie.swift in Sources */,
			);
			runOnlyForDeploymentPostprocessing = 0;
		};
		AA5D449B25FF488500744580 /* Sources */ = {
			isa = PBXSourcesBuildPhase;
			buildActionMask = 2147483647;
			files = (
				AA5D44F225FF501300744580 /* DataTransferService.swift in Sources */,
				AA5D44CB25FF49E500744580 /* Cancellable.swift in Sources */,
				AA5D44DB25FF4B8600744580 /* MoviesQueriesRepository.swift in Sources */,
				AA312598260496330059D660 /* ConnectionError.swift in Sources */,
				42A380E925FFAA8500B1DB4C /* MoviesListItemCell.swift in Sources */,
				AA5D44BA25FF48D500744580 /* Movie.swift in Sources */,
				42A380E125FFA37F00B1DB4C /* Observable.swift in Sources */,
				AACFCD8A2604F6FF00C98E3D /* MoviesListViewController.swift in Sources */,
				AACFCDB22607720200C98E3D /* MoviesSceneDIContainer.swift in Sources */,
				42A380EE25FFB22000B1DB4C /* MoviesListTableViewController.swift in Sources */,
				AA5D44BF25FF495500744580 /* MovieQuery.swift in Sources */,
				AA5D44FC25FF534600744580 /* NetworkService.swift in Sources */,
				AACFCD822604EC8F00C98E3D /* UITableViewController+ActivityIndicator.swift in Sources */,
				AA5D44EC25FF4FBB00744580 /* DefaultMoviesRepository.swift in Sources */,
				42A381142601190600B1DB4C /* UIViewController+AddBehaviors.swift in Sources */,
				AA5D44A725FF488500744580 /* ViewController.swift in Sources */,
				AA5D44D825FF4B2100744580 /* MoviesRepository.swift in Sources */,
				AA5D44DE25FF4BEA00744580 /* PosterImagesRepository.swift in Sources */,
				AA3125922604773A0059D660 /* MoviesListItemViewModel.swift in Sources */,
				AACFCDC92607772B00C98E3D /* MoviesRequestDTO+Mapping.swift in Sources */,
				AACFCD8F2604F75800C98E3D /* Alertable.swift in Sources */,
				AA5D44C625FF49AF00744580 /* UseCase.swift in Sources */,
				AA5D44A325FF488500744580 /* AppDelegate.swift in Sources */,
				AA5D44E125FF4DD300744580 /* FetchRecentMovieQueriesUseCase.swift in Sources */,
				AACFCDCF2607773D00C98E3D /* MoviesResponseDTO+Mapping.swift in Sources */,
				AACFCD9D260500B800C98E3D /* AccessibilityIdentifier.swift in Sources */,
				AACFCDAC2605102C00C98E3D /* LoadingView.swift in Sources */,
				AACFCDA826050C5100C98E3D /* BlackStyleNavigationBarBehavior.swift in Sources */,
				AA31258E260475C00059D660 /* MovieListViewModel.swift in Sources */,
				AA5D44F625FF511500744580 /* EndPoint.swift in Sources */,
				AACFCDA226050B2300C98E3D /* BackButtonEmptyTitleNavigationBarBehavior.swift in Sources */,
				AA5D44CE25FF4A1A00744580 /* SearchMoviesUseCase.swift in Sources */,
				AA5D44F925FF526300744580 /* NetworkConfig.swift in Sources */,
			);
			runOnlyForDeploymentPostprocessing = 0;
		};
/* End PBXSourcesBuildPhase section */

/* Begin PBXTargetDependency section */
		42A380FA25FFB51500B1DB4C /* PBXTargetDependency */ = {
			isa = PBXTargetDependency;
			target = AA5D449E25FF488500744580 /* MVVM */;
			targetProxy = 42A380F925FFB51500B1DB4C /* PBXContainerItemProxy */;
		};
/* End PBXTargetDependency section */

/* Begin PBXVariantGroup section */
		AA5D44A825FF488500744580 /* Main.storyboard */ = {
			isa = PBXVariantGroup;
			children = (
				AA5D44A925FF488500744580 /* Base */,
			);
			name = Main.storyboard;
			sourceTree = "<group>";
		};
		AA5D44AD25FF488700744580 /* LaunchScreen.storyboard */ = {
			isa = PBXVariantGroup;
			children = (
				AA5D44AE25FF488700744580 /* Base */,
			);
			name = LaunchScreen.storyboard;
			sourceTree = "<group>";
		};
/* End PBXVariantGroup section */

/* Begin XCBuildConfiguration section */
		42A380FC25FFB51500B1DB4C /* Debug */ = {
			isa = XCBuildConfiguration;
			buildSettings = {
				BUNDLE_LOADER = "$(TEST_HOST)";
				CODE_SIGN_STYLE = Automatic;
				DEVELOPMENT_TEAM = 97C96KP84G;
				INFOPLIST_FILE = MVVMTests/Info.plist;
				IPHONEOS_DEPLOYMENT_TARGET = 14.4;
				LD_RUNPATH_SEARCH_PATHS = (
					"$(inherited)",
					"@executable_path/Frameworks",
					"@loader_path/Frameworks",
				);
				PRODUCT_BUNDLE_IDENTIFIER = com.byeonggeunSon.Practice.MVVMTests;
				PRODUCT_NAME = "$(TARGET_NAME)";
				SWIFT_VERSION = 5.0;
				TARGETED_DEVICE_FAMILY = "1,2";
				TEST_HOST = "$(BUILT_PRODUCTS_DIR)/MVVM.app/MVVM";
			};
			name = Debug;
		};
		42A380FD25FFB51500B1DB4C /* Release */ = {
			isa = XCBuildConfiguration;
			buildSettings = {
				BUNDLE_LOADER = "$(TEST_HOST)";
				CODE_SIGN_STYLE = Automatic;
				DEVELOPMENT_TEAM = 97C96KP84G;
				INFOPLIST_FILE = MVVMTests/Info.plist;
				IPHONEOS_DEPLOYMENT_TARGET = 14.4;
				LD_RUNPATH_SEARCH_PATHS = (
					"$(inherited)",
					"@executable_path/Frameworks",
					"@loader_path/Frameworks",
				);
				PRODUCT_BUNDLE_IDENTIFIER = com.byeonggeunSon.Practice.MVVMTests;
				PRODUCT_NAME = "$(TARGET_NAME)";
				SWIFT_VERSION = 5.0;
				TARGETED_DEVICE_FAMILY = "1,2";
				TEST_HOST = "$(BUILT_PRODUCTS_DIR)/MVVM.app/MVVM";
			};
			name = Release;
		};
		AA5D44B125FF488700744580 /* Debug */ = {
			isa = XCBuildConfiguration;
			buildSettings = {
				ALWAYS_SEARCH_USER_PATHS = NO;
				CLANG_ANALYZER_NONNULL = YES;
				CLANG_ANALYZER_NUMBER_OBJECT_CONVERSION = YES_AGGRESSIVE;
				CLANG_CXX_LANGUAGE_STANDARD = "gnu++14";
				CLANG_CXX_LIBRARY = "libc++";
				CLANG_ENABLE_MODULES = YES;
				CLANG_ENABLE_OBJC_ARC = YES;
				CLANG_ENABLE_OBJC_WEAK = YES;
				CLANG_WARN_BLOCK_CAPTURE_AUTORELEASING = YES;
				CLANG_WARN_BOOL_CONVERSION = YES;
				CLANG_WARN_COMMA = YES;
				CLANG_WARN_CONSTANT_CONVERSION = YES;
				CLANG_WARN_DEPRECATED_OBJC_IMPLEMENTATIONS = YES;
				CLANG_WARN_DIRECT_OBJC_ISA_USAGE = YES_ERROR;
				CLANG_WARN_DOCUMENTATION_COMMENTS = YES;
				CLANG_WARN_EMPTY_BODY = YES;
				CLANG_WARN_ENUM_CONVERSION = YES;
				CLANG_WARN_INFINITE_RECURSION = YES;
				CLANG_WARN_INT_CONVERSION = YES;
				CLANG_WARN_NON_LITERAL_NULL_CONVERSION = YES;
				CLANG_WARN_OBJC_IMPLICIT_RETAIN_SELF = YES;
				CLANG_WARN_OBJC_LITERAL_CONVERSION = YES;
				CLANG_WARN_OBJC_ROOT_CLASS = YES_ERROR;
				CLANG_WARN_QUOTED_INCLUDE_IN_FRAMEWORK_HEADER = YES;
				CLANG_WARN_RANGE_LOOP_ANALYSIS = YES;
				CLANG_WARN_STRICT_PROTOTYPES = YES;
				CLANG_WARN_SUSPICIOUS_MOVE = YES;
				CLANG_WARN_UNGUARDED_AVAILABILITY = YES_AGGRESSIVE;
				CLANG_WARN_UNREACHABLE_CODE = YES;
				CLANG_WARN__DUPLICATE_METHOD_MATCH = YES;
				COPY_PHASE_STRIP = NO;
				DEBUG_INFORMATION_FORMAT = dwarf;
				ENABLE_STRICT_OBJC_MSGSEND = YES;
				ENABLE_TESTABILITY = YES;
				GCC_C_LANGUAGE_STANDARD = gnu11;
				GCC_DYNAMIC_NO_PIC = NO;
				GCC_NO_COMMON_BLOCKS = YES;
				GCC_OPTIMIZATION_LEVEL = 0;
				GCC_PREPROCESSOR_DEFINITIONS = (
					"DEBUG=1",
					"$(inherited)",
				);
				GCC_WARN_64_TO_32_BIT_CONVERSION = YES;
				GCC_WARN_ABOUT_RETURN_TYPE = YES_ERROR;
				GCC_WARN_UNDECLARED_SELECTOR = YES;
				GCC_WARN_UNINITIALIZED_AUTOS = YES_AGGRESSIVE;
				GCC_WARN_UNUSED_FUNCTION = YES;
				GCC_WARN_UNUSED_VARIABLE = YES;
				IPHONEOS_DEPLOYMENT_TARGET = 12.0;
				MTL_ENABLE_DEBUG_INFO = INCLUDE_SOURCE;
				MTL_FAST_MATH = YES;
				ONLY_ACTIVE_ARCH = YES;
				SDKROOT = iphoneos;
				SWIFT_ACTIVE_COMPILATION_CONDITIONS = DEBUG;
				SWIFT_OPTIMIZATION_LEVEL = "-Onone";
			};
			name = Debug;
		};
		AA5D44B225FF488700744580 /* Release */ = {
			isa = XCBuildConfiguration;
			buildSettings = {
				ALWAYS_SEARCH_USER_PATHS = NO;
				CLANG_ANALYZER_NONNULL = YES;
				CLANG_ANALYZER_NUMBER_OBJECT_CONVERSION = YES_AGGRESSIVE;
				CLANG_CXX_LANGUAGE_STANDARD = "gnu++14";
				CLANG_CXX_LIBRARY = "libc++";
				CLANG_ENABLE_MODULES = YES;
				CLANG_ENABLE_OBJC_ARC = YES;
				CLANG_ENABLE_OBJC_WEAK = YES;
				CLANG_WARN_BLOCK_CAPTURE_AUTORELEASING = YES;
				CLANG_WARN_BOOL_CONVERSION = YES;
				CLANG_WARN_COMMA = YES;
				CLANG_WARN_CONSTANT_CONVERSION = YES;
				CLANG_WARN_DEPRECATED_OBJC_IMPLEMENTATIONS = YES;
				CLANG_WARN_DIRECT_OBJC_ISA_USAGE = YES_ERROR;
				CLANG_WARN_DOCUMENTATION_COMMENTS = YES;
				CLANG_WARN_EMPTY_BODY = YES;
				CLANG_WARN_ENUM_CONVERSION = YES;
				CLANG_WARN_INFINITE_RECURSION = YES;
				CLANG_WARN_INT_CONVERSION = YES;
				CLANG_WARN_NON_LITERAL_NULL_CONVERSION = YES;
				CLANG_WARN_OBJC_IMPLICIT_RETAIN_SELF = YES;
				CLANG_WARN_OBJC_LITERAL_CONVERSION = YES;
				CLANG_WARN_OBJC_ROOT_CLASS = YES_ERROR;
				CLANG_WARN_QUOTED_INCLUDE_IN_FRAMEWORK_HEADER = YES;
				CLANG_WARN_RANGE_LOOP_ANALYSIS = YES;
				CLANG_WARN_STRICT_PROTOTYPES = YES;
				CLANG_WARN_SUSPICIOUS_MOVE = YES;
				CLANG_WARN_UNGUARDED_AVAILABILITY = YES_AGGRESSIVE;
				CLANG_WARN_UNREACHABLE_CODE = YES;
				CLANG_WARN__DUPLICATE_METHOD_MATCH = YES;
				COPY_PHASE_STRIP = NO;
				DEBUG_INFORMATION_FORMAT = "dwarf-with-dsym";
				ENABLE_NS_ASSERTIONS = NO;
				ENABLE_STRICT_OBJC_MSGSEND = YES;
				GCC_C_LANGUAGE_STANDARD = gnu11;
				GCC_NO_COMMON_BLOCKS = YES;
				GCC_WARN_64_TO_32_BIT_CONVERSION = YES;
				GCC_WARN_ABOUT_RETURN_TYPE = YES_ERROR;
				GCC_WARN_UNDECLARED_SELECTOR = YES;
				GCC_WARN_UNINITIALIZED_AUTOS = YES_AGGRESSIVE;
				GCC_WARN_UNUSED_FUNCTION = YES;
				GCC_WARN_UNUSED_VARIABLE = YES;
				IPHONEOS_DEPLOYMENT_TARGET = 12.0;
				MTL_ENABLE_DEBUG_INFO = NO;
				MTL_FAST_MATH = YES;
				SDKROOT = iphoneos;
				SWIFT_COMPILATION_MODE = wholemodule;
				SWIFT_OPTIMIZATION_LEVEL = "-O";
				VALIDATE_PRODUCT = YES;
			};
			name = Release;
		};
		AA5D44B425FF488700744580 /* Debug */ = {
			isa = XCBuildConfiguration;
			buildSettings = {
				ASSETCATALOG_COMPILER_APPICON_NAME = AppIcon;
				ASSETCATALOG_COMPILER_GLOBAL_ACCENT_COLOR_NAME = AccentColor;
				CODE_SIGN_STYLE = Automatic;
				DEVELOPMENT_TEAM = 97C96KP84G;
				INFOPLIST_FILE = MVVM/Info.plist;
				LD_RUNPATH_SEARCH_PATHS = (
					"$(inherited)",
					"@executable_path/Frameworks",
				);
				PRODUCT_BUNDLE_IDENTIFIER = com.byeonggeun.son.practice.MVVM;
				PRODUCT_NAME = "$(TARGET_NAME)";
				SWIFT_VERSION = 5.0;
				TARGETED_DEVICE_FAMILY = "1,2";
			};
			name = Debug;
		};
		AA5D44B525FF488700744580 /* Release */ = {
			isa = XCBuildConfiguration;
			buildSettings = {
				ASSETCATALOG_COMPILER_APPICON_NAME = AppIcon;
				ASSETCATALOG_COMPILER_GLOBAL_ACCENT_COLOR_NAME = AccentColor;
				CODE_SIGN_STYLE = Automatic;
				DEVELOPMENT_TEAM = 97C96KP84G;
				INFOPLIST_FILE = MVVM/Info.plist;
				LD_RUNPATH_SEARCH_PATHS = (
					"$(inherited)",
					"@executable_path/Frameworks",
				);
				PRODUCT_BUNDLE_IDENTIFIER = com.byeonggeun.son.practice.MVVM;
				PRODUCT_NAME = "$(TARGET_NAME)";
				SWIFT_VERSION = 5.0;
				TARGETED_DEVICE_FAMILY = "1,2";
			};
			name = Release;
		};
/* End XCBuildConfiguration section */

/* Begin XCConfigurationList section */
		42A380FB25FFB51500B1DB4C /* Build configuration list for PBXNativeTarget "MVVMTests" */ = {
			isa = XCConfigurationList;
			buildConfigurations = (
				42A380FC25FFB51500B1DB4C /* Debug */,
				42A380FD25FFB51500B1DB4C /* Release */,
			);
			defaultConfigurationIsVisible = 0;
			defaultConfigurationName = Release;
		};
		AA5D449A25FF488500744580 /* Build configuration list for PBXProject "MVVM" */ = {
			isa = XCConfigurationList;
			buildConfigurations = (
				AA5D44B125FF488700744580 /* Debug */,
				AA5D44B225FF488700744580 /* Release */,
			);
			defaultConfigurationIsVisible = 0;
			defaultConfigurationName = Release;
		};
		AA5D44B325FF488700744580 /* Build configuration list for PBXNativeTarget "MVVM" */ = {
			isa = XCConfigurationList;
			buildConfigurations = (
				AA5D44B425FF488700744580 /* Debug */,
				AA5D44B525FF488700744580 /* Release */,
			);
			defaultConfigurationIsVisible = 0;
			defaultConfigurationName = Release;
		};
/* End XCConfigurationList section */
	};
	rootObject = AA5D449725FF488500744580 /* Project object */;
}
